
Microsoft Visual Studio Solution File, Format Version 12.00
# Visual Studio Version 16
VisualStudioVersion = 16.0.30717.126
MinimumVisualStudioVersion = 10.0.40219.1
Project("{FAE04EC0-301F-11D3-BF4B-00C04F79EFBC}") = "BlackJack", "BlackJack\BlackJack.csproj", "{5F6813CF-7117-46D7-A386-5F4176741C9C}"
EndProject
Global
	GlobalSection(SolutionConfigurationPlatforms) = preSolution
		Debug|Any CPU = Debug|Any CPU
		Release|Any CPU = Release|Any CPU
	EndGlobalSection
	GlobalSection(ProjectConfigurationPlatforms) = postSolution
		{5F6813CF-7117-46D7-A386-5F4176741C9C}.Debug|Any CPU.ActiveCfg = Debug|Any CPU
		{5F6813CF-7117-46D7-A386-5F4176741C9C}.Debug|Any CPU.Build.0 = Debug|Any CPU
		{5F6813CF-7117-46D7-A386-5F4176741C9C}.Release|Any CPU.ActiveCfg = Release|Any CPU
		{5F6813CF-7117-46D7-A386-5F4176741C9C}.Release|Any CPU.Build.0 = Release|Any CPU
	EndGlobalSection
	GlobalSection(SolutionProperties) = preSolution
		HideSolutionNode = FALSE
	EndGlobalSection
	GlobalSection(ExtensibilityGlobals) = postSolution
		SolutionGuid = {6CF6D9E6-E014-4772-A778-BE1433324561}
	EndGlobalSection
EndGlobal
